{
  "name": "microfront_reference_comp2",
  "version": "0.3.2",
  "lockfileVersion": 1,
  "requires": true,
  "dependencies": {
    "@polymer/lit-element": {
      "version": "0.6.2",
      "resolved": "https://registry.npmjs.org/@polymer/lit-element/-/lit-element-0.6.2.tgz",
      "integrity": "sha512-4NWvK6SyAyyeW1mQ24ZVR+rtqZNHZ2JWnVTsPF/1iXnmmPwnpLs8mz0HRqz5adyoyt96ed/y2dsDwGBktJYyew==",
      "requires": {
        "lit-html": "^0.12.0"
      }
    },
    "js-tokens": {
      "version": "4.0.0",
      "resolved": "https://registry.npmjs.org/js-tokens/-/js-tokens-4.0.0.tgz",
      "integrity": "sha512-RdJUflcE3cUzKiMqQgsCu06FPu9UdIJO0beYbPhHN4k6apgJtifcoCtT9bcxOpYBtpD2kCM6Sbzg4CausW/PKQ=="
    },
    "lit-html": {
      "version": "0.12.0",
      "resolved": "https://registry.npmjs.org/lit-html/-/lit-html-0.12.0.tgz",
      "integrity": "sha512-NyFgq8yTlGEjUFQOmNnK/kj+ZdDVJzTwsLunNSewGiOns7SjuJi6ymCCqzZZ81uW2VwEmliMbOlFZc9QmOJPLA=="
    },
    "loose-envify": {
      "version": "1.4.0",
      "resolved": "https://registry.npmjs.org/loose-envify/-/loose-envify-1.4.0.tgz",
      "integrity": "sha512-lyuxPGr/Wfhrlem2CL/UcnUc1zcqKAImBDzukY7Y5F/yQiNdko6+fRLevlw1HgMySw7f611UIY408EtxRSoK3Q==",
      "requires": {
        "js-tokens": "^3.0.0 || ^4.0.0"
      }
    },
    "microfront_reference_store": {
      "version": "0.0.1",
      "resolved": "https://registry.npmjs.org/microfront_reference_store/-/microfront_reference_store-0.0.1.tgz",
      "integrity": "sha512-coZH2i0RwgdosC6JseTYd0o6wtamBNMn+9LQjILpN5gHcw/9+DtqadmOILPFC6Zux42t3hfi1mDQk0FGipBSRA==",
      "requires": {
        "pwa-helpers": "^0.9.0",
        "redux": "^4.0.0",
        "redux-thunk": "^2.3.0"
      }
    },
    "pwa-helpers": {
      "version": "0.9.0",
      "resolved": "https://registry.npmjs.org/pwa-helpers/-/pwa-helpers-0.9.0.tgz",
      "integrity": "sha512-lFj0udSHHqEJdf+SmAp8Y9yRJ8s1ieQIbvt4mWXn6NXUOO9ntLXNLBi8PMJGBPkc32cG4nJ6yuJrHzOxC5ZTXw=="
    },
    "redux": {
      "version": "4.0.0",
      "resolved": "https://registry.npmjs.org/redux/-/redux-4.0.0.tgz",
      "integrity": "sha512-NnnHF0h0WVE/hXyrB6OlX67LYRuaf/rJcbWvnHHEPCF/Xa/AZpwhs/20WyqzQae5x4SD2F9nPObgBh2rxAgLiA==",
      "requires": {
        "loose-envify": "^1.1.0",
        "symbol-observable": "^1.2.0"
      }
    },
    "redux-thunk": {
      "version": "2.3.0",
      "resolved": "https://registry.npmjs.org/redux-thunk/-/redux-thunk-2.3.0.tgz",
      "integrity": "sha512-km6dclyFnmcvxhAcrQV2AkZmPQjzPDjgVlQtR0EQjxZPyJ0BnMf3in1ryuR8A2qU0HldVRfxYXbFSKlI3N7Slw=="
    },
    "symbol-observable": {
      "version": "1.2.0",
      "resolved": "https://registry.npmjs.org/symbol-observable/-/symbol-observable-1.2.0.tgz",
      "integrity": "sha512-e900nM8RRtGhlV36KGEU9k65K3mPb1WV70OdjfxlG2EAuM1noi/E/BaW/uMhL7bPEssK8QV57vN3esixjUvcXQ=="
    }
  }
}
